
Microsoft Visual Studio Solution File, Format Version 12.00
# Visual Studio Version 16
VisualStudioVersion = 16.0.30104.148
MinimumVisualStudioVersion = 10.0.40219.1
Project("{9A19103F-16F7-4668-BE54-9A1E7A4F7556}") = "SmartFace.Cli", "SmartFace.Cli\SmartFace.Cli.csproj", "{A3BF4E3C-39AB-40E0-867C-2B745E4AC2F9}"
EndProject
Project("{9A19103F-16F7-4668-BE54-9A1E7A4F7556}") = "SmartFace.CliTests", "SmartFace.CliTests\SmartFace.CliTests.csproj", "{8239CCDF-0E98-433D-B903-21824A3AD679}"
EndProject
Global
	GlobalSection(SolutionConfigurationPlatforms) = preSolution
		Debug|Any CPU = Debug|Any CPU
		Debug|x64 = Debug|x64
		Release|Any CPU = Release|Any CPU
		Release|x64 = Release|x64
	EndGlobalSection
	GlobalSection(ProjectConfigurationPlatforms) = postSolution
		{A3BF4E3C-39AB-40E0-867C-2B745E4AC2F9}.Debug|Any CPU.ActiveCfg = Debug|Any CPU
		{A3BF4E3C-39AB-40E0-867C-2B745E4AC2F9}.Debug|Any CPU.Build.0 = Debug|Any CPU
		{A3BF4E3C-39AB-40E0-867C-2B745E4AC2F9}.Debug|x64.ActiveCfg = Debug|Any CPU
		{A3BF4E3C-39AB-40E0-867C-2B745E4AC2F9}.Debug|x64.Build.0 = Debug|Any CPU
		{A3BF4E3C-39AB-40E0-867C-2B745E4AC2F9}.Release|Any CPU.ActiveCfg = Release|Any CPU
		{A3BF4E3C-39AB-40E0-867C-2B745E4AC2F9}.Release|Any CPU.Build.0 = Release|Any CPU
		{A3BF4E3C-39AB-40E0-867C-2B745E4AC2F9}.Release|x64.ActiveCfg = Release|Any CPU
		{A3BF4E3C-39AB-40E0-867C-2B745E4AC2F9}.Release|x64.Build.0 = Release|Any CPU
		{8239CCDF-0E98-433D-B903-21824A3AD679}.Debug|Any CPU.ActiveCfg = Debug|Any CPU
		{8239CCDF-0E98-433D-B903-21824A3AD679}.Debug|Any CPU.Build.0 = Debug|Any CPU
		{8239CCDF-0E98-433D-B903-21824A3AD679}.Debug|x64.ActiveCfg = Debug|x64
		{8239CCDF-0E98-433D-B903-21824A3AD679}.Debug|x64.Build.0 = Debug|x64
		{8239CCDF-0E98-433D-B903-21824A3AD679}.Release|Any CPU.ActiveCfg = Release|Any CPU
		{8239CCDF-0E98-433D-B903-21824A3AD679}.Release|Any CPU.Build.0 = Release|Any CPU
		{8239CCDF-0E98-433D-B903-21824A3AD679}.Release|x64.ActiveCfg = Release|x64
		{8239CCDF-0E98-433D-B903-21824A3AD679}.Release|x64.Build.0 = Release|x64
	EndGlobalSection
	GlobalSection(SolutionProperties) = preSolution
		HideSolutionNode = FALSE
	EndGlobalSection
	GlobalSection(ExtensibilityGlobals) = postSolution
		SolutionGuid = {CEABAB6C-91F8-4C33-94FA-EC6EBB121211}
	EndGlobalSection
EndGlobal
